{
    "_meta": {
        "hash": {
            "sha256": "04ecf0095738366ebf8033267e30d241f81a03b84549f5e59bacf093d240a4c4"
        },
        "pipfile-spec": 6,
        "requires": {
            "python_full_version": "3.13.0",
            "python_version": "3.13"
        },
        "sources": [
            {
                "name": "pypi",
                "url": "https://pypi.org/simple",
                "verify_ssl": true
            }
        ]
    },
    "default": {
        "backtesting": "0.6.4",
        "kaleido": "*",
        "pandas": "2.3.1",
        "plotly": "*",
        "pyarrow": "*",
        "ta-lib": "0.6.4"
    },
    "develop": {}
}
